Microsoft Visual Studio Solution File, Format Version 12.00
# Visual Studio Version 17
VisualStudioVersion = 17.5.2.0
MinimumVisualStudioVersion = 10.0.40219.1
Project("{FAE04EC0-301F-11D3-BF4B-00C04F79EFBC}") = "RevitPlugin", "RevitPlugin\RevitPlugin.csproj", "{1B11C3AB-0B1E-B601-B39E-9B68A6EEA620}"
EndProject
Global
	GlobalSection(SolutionConfigurationPlatforms) = preSolution
		Debug|Any CPU = Debug|Any CPU
		Debug|x64 = Debug|x64
		Release|Any CPU = Release|Any CPU
		Release|x64 = Release|x64
	EndGlobalSection
	GlobalSection(ProjectConfigurationPlatforms) = postSolution
		{1B11C3AB-0B1E-B601-B39E-9B68A6EEA620}.Debug|Any CPU.ActiveCfg = Debug|Any CPU
		{1B11C3AB-0B1E-B601-B39E-9B68A6EEA620}.Debug|Any CPU.Build.0 = Debug|Any CPU
		{1B11C3AB-0B1E-B601-B39E-9B68A6EEA620}.Debug|x64.ActiveCfg = Debug|x64
		{1B11C3AB-0B1E-B601-B39E-9B68A6EEA620}.Debug|x64.Build.0 = Debug|x64
		{1B11C3AB-0B1E-B601-B39E-9B68A6EEA620}.Release|Any CPU.ActiveCfg = Release|Any CPU
		{1B11C3AB-0B1E-B601-B39E-9B68A6EEA620}.Release|Any CPU.Build.0 = Release|Any CPU
		{1B11C3AB-0B1E-B601-B39E-9B68A6EEA620}.Release|x64.ActiveCfg = Release|x64
		{1B11C3AB-0B1E-B601-B39E-9B68A6EEA620}.Release|x64.Build.0 = Release|x64
	EndGlobalSection
	GlobalSection(SolutionProperties) = preSolution
		HideSolutionNode = FALSE
	EndGlobalSection
	GlobalSection(ExtensibilityGlobals) = postSolution
		SolutionGuid = {6C60881A-4D94-4517-B2C2-8E618975E641}
	EndGlobalSection
EndGlobal
